
Microsoft Visual Studio Solution File, Format Version 12.00
# Visual Studio Version 17
VisualStudioVersion = 17.3.32825.248
MinimumVisualStudioVersion = 10.0.40219.1
Project("{FAE04EC0-301F-11D3-BF4B-00C04F79EFBC}") = "EmployeeAPI", "EmployeeAPI\EmployeeAPI.csproj", "{271FE00E-8722-4EB3-B424-B3D47BCD687D}"
EndProject
Global
	GlobalSection(SolutionConfigurationPlatforms) = preSolution
		Debug|Any CPU = Debug|Any CPU
		Release|Any CPU = Release|Any CPU
	EndGlobalSection
	GlobalSection(ProjectConfigurationPlatforms) = postSolution
		{271FE00E-8722-4EB3-B424-B3D47BCD687D}.Debug|Any CPU.ActiveCfg = Debug|Any CPU
		{271FE00E-8722-4EB3-B424-B3D47BCD687D}.Debug|Any CPU.Build.0 = Debug|Any CPU
		{271FE00E-8722-4EB3-B424-B3D47BCD687D}.Release|Any CPU.ActiveCfg = Release|Any CPU
		{271FE00E-8722-4EB3-B424-B3D47BCD687D}.Release|Any CPU.Build.0 = Release|Any CPU
	EndGlobalSection
	GlobalSection(SolutionProperties) = preSolution
		HideSolutionNode = FALSE
	EndGlobalSection
	GlobalSection(ExtensibilityGlobals) = postSolution
		SolutionGuid = {64A0B12C-592D-4AC7-BC45-5639C120A3DC}
	EndGlobalSection
EndGlobal
